
Microsoft Visual Studio Solution File, Format Version 12.00
# Visual Studio Version 16
VisualStudioVersion = 16.0.30204.135
MinimumVisualStudioVersion = 10.0.40219.1
Project("{FAE04EC0-301F-11D3-BF4B-00C04F79EFBC}") = "ConsoleApp1", "ConsoleApp1\ConsoleApp1.csproj", "{CAA0DB49-E3ED-45BC-83A1-994099204064}"
EndProject
Global
	GlobalSection(SolutionConfigurationPlatforms) = preSolution
		Debug|Any CPU = Debug|Any CPU
		Release|Any CPU = Release|Any CPU
	EndGlobalSection
	GlobalSection(ProjectConfigurationPlatforms) = postSolution
		{CAA0DB49-E3ED-45BC-83A1-994099204064}.Debug|Any CPU.ActiveCfg = Debug|Any CPU
		{CAA0DB49-E3ED-45BC-83A1-994099204064}.Debug|Any CPU.Build.0 = Debug|Any CPU
		{CAA0DB49-E3ED-45BC-83A1-994099204064}.Release|Any CPU.ActiveCfg = Release|Any CPU
		{CAA0DB49-E3ED-45BC-83A1-994099204064}.Release|Any CPU.Build.0 = Release|Any CPU
	EndGlobalSection
	GlobalSection(SolutionProperties) = preSolution
		HideSolutionNode = FALSE
	EndGlobalSection
	GlobalSection(ExtensibilityGlobals) = postSolution
		SolutionGuid = {B3319B02-5C01-4277-81F9-ECAB98EFEF39}
	EndGlobalSection
EndGlobal
